{
  "name": "sync",
  "requires": true,
  "lockfileVersion": 1,
  "dependencies": {
    "fibers": {
      "version": "2.0.0",
      "resolved": "https://registry.npmjs.org/fibers/-/fibers-2.0.0.tgz",
      "integrity": "sha512-sLxo4rZVk7xLgAjb/6zEzHJfSALx6u6coN1z61XCOF7i6CyTdJawF4+RdpjCSeS8AP66eR2InScbYAz9RAVOgA=="
    }
  }
}
